
Microsoft Visual Studio Solution File, Format Version 12.00
# Visual Studio for Mac
Project("{FAE04EC0-301F-11D3-BF4B-00C04F79EFBC}") = "Assembly-CSharp", "Assembly-CSharp.csproj", "{527C56B6-A372-332A-E7CE-1E6E89BF3EB1}"
EndProject
Global
	GlobalSection(SolutionConfigurationPlatforms) = preSolution
		Debug|Any CPU = Debug|Any CPU
		Release|Any CPU = Release|Any CPU
	EndGlobalSection
	GlobalSection(ProjectConfigurationPlatforms) = postSolution
		{527C56B6-A372-332A-E7CE-1E6E89BF3EB1}.Debug|Any CPU.ActiveCfg = Debug|Any CPU
		{527C56B6-A372-332A-E7CE-1E6E89BF3EB1}.Debug|Any CPU.Build.0 = Debug|Any CPU
		{527C56B6-A372-332A-E7CE-1E6E89BF3EB1}.Release|Any CPU.ActiveCfg = Release|Any CPU
		{527C56B6-A372-332A-E7CE-1E6E89BF3EB1}.Release|Any CPU.Build.0 = Release|Any CPU
	EndGlobalSection
	GlobalSection(SolutionProperties) = preSolution
		HideSolutionNode = FALSE
	EndGlobalSection
EndGlobal
